{
  "name": "pythonrepl",
  "lockfileVersion": 2,
  "requires": true,
  "packages": {
    "": {
      "dependencies": {
        "@codemirror/basic-setup": "^0.18.2",
        "@codemirror/lang-python": "^0.18.0",
        "esbuild": "^0.12.14",
        "skulpt": "file:../skulpt"
      }
    },
    "../skulpt": {
      "version": "1.2.0",
      "license": "MIT",
      "dependencies": {
        "jsbi": "^3.1.4"
      },
      "devDependencies": {
        "acorn": "^6.1.1",
        "babel-minify": "^0.5.0",
        "chalk": "^2.4.2",
        "clean-webpack-plugin": "^2.0.2",
        "closure-webpack-plugin": "^2.0.1",
        "commander": "^2.20.0",
        "compression-webpack-plugin": "^2.0.0",
        "copy-webpack-plugin": "^5.1.1",
        "ejs": "^2.6.1",
        "eslint": "^5.16.0",
        "eslint-loader": "^2.1.2",
        "express": "^4.17.0",
        "fastestsmallesttextencoderdecoder": "^1.0.22",
        "git-revision-webpack-plugin": "^3.0.3",
        "google-closure-compiler": "^20190415.0.0",
        "js-beautify": "^1.10.0",
        "jsdoc": "^3.6.3",
        "micro-strptime": "^0.2.3",
        "open": "^6.3.0",
        "readline-sync": "^1.4.9",
        "setimmediate": "^1.0.5",
        "shelljs": "^0.8.3",
        "strftime": "^0.10.0",
        "webpack": "^4.32.0",
        "webpack-cli": "^3.3.2"
      },
      "engines": {
        "node": ">=10.4"
      }
    },
    "node_modules/@codemirror/autocomplete": {
      "version": "0.18.8",
      "resolved": "https://registry.npmjs.org/@codemirror/autocomplete/-/autocomplete-0.18.8.tgz",
      "integrity": "sha512-Va1Q763Vu/rVmIazru/ZnO2kkWVq6SlmMEjeD0qmxLAypyP6j/QNdpmaPDI1qb/+Mb9VFZBbac6a0aLTTi8qxQ==",
      "dependencies": {
        "@codemirror/language": "^0.18.0",
        "@codemirror/state": "^0.18.0",
        "@codemirror/text": "^0.18.0",
        "@codemirror/tooltip": "^0.18.4",
        "@codemirror/view": "^0.18.0",
        "lezer-tree": "^0.13.0"
      }
    },
    "node_modules/@codemirror/basic-setup": {
      "version": "0.18.2",
      "resolved": "https://registry.npmjs.org/@codemirror/basic-setup/-/basic-setup-0.18.2.tgz",
      "integrity": "sha512-4UNFQ4jhU7wKxJH23AJcZW6Ho54VXUpmbtFnN5amIdtGci4ZLvci4M7JKgKFraHmKfDIYQnSzN8d8ohXR7CRhw==",
      "dependencies": {
        "@codemirror/autocomplete": "^0.18.0",
        "@codemirror/closebrackets": "^0.18.0",
        "@codemirror/commands": "^0.18.0",
        "@codemirror/comment": "^0.18.0",
        "@codemirror/fold": "^0.18.0",
        "@codemirror/gutter": "^0.18.3",
        "@codemirror/highlight": "^0.18.0",
        "@codemirror/history": "^0.18.0",
        "@codemirror/language": "^0.18.0",
        "@codemirror/lint": "^0.18.0",
        "@codemirror/matchbrackets": "^0.18.0",
        "@codemirror/rectangular-selection": "^0.18.0",
        "@codemirror/search": "^0.18.0",
        "@codemirror/state": "^0.18.0",
        "@codemirror/view": "^0.18.0"
      }
    },
    "node_modules/@codemirror/closebrackets": {
      "version": "0.18.0",
      "resolved": "https://registry.npmjs.org/@codemirror/closebrackets/-/closebrackets-0.18.0.tgz",
      "integrity": "sha512-O1RAgUkzF4nq/B8IyXenZKZ1rJi2Mc7I6y4IhWhELiTnjyQy7YdAthTsJ40mNr8kZ6gRbasYe3K7TraITElZJA==",
      "dependencies": {
        "@codemirror/language": "^0.18.0",
        "@codemirror/rangeset": "^0.18.0",
        "@codemirror/state": "^0.18.0",
        "@codemirror/text": "^0.18.0",
        "@codemirror/view": "^0.18.0"
      }
    },
    "node_modules/@codemirror/commands": {
      "version": "0.18.3",
      "resolved": "https://registry.npmjs.org/@codemirror/commands/-/commands-0.18.3.tgz",
      "integrity": "sha512-nHYDG13qOirioXTAKmjl10W2L0eZ1ftvmTwvUTNY27UWVBPFSpk5zDXP3WqJ0mgMhQ4AOFLJaTjJEO3hmPComg==",
      "dependencies": {
        "@codemirror/language": "^0.18.0",
        "@codemirror/matchbrackets": "^0.18.0",
        "@codemirror/state": "^0.18.0",
        "@codemirror/text": "^0.18.0",
        "@codemirror/view": "^0.18.0",
        "lezer-tree": "^0.13.0"
      }
    },
    "node_modules/@codemirror/comment": {
      "version": "0.18.1",
      "resolved": "https://registry.npmjs.org/@codemirror/comment/-/comment-0.18.1.tgz",
      "integrity": "sha512-Inhqs0F24WE28Fcp1dBZghwixBGv1HDwY9MjE0d5tpMY/IPGI6uT30fGyHAXrir6hUqk7eJRkO4UYnODGOnoIA==",
      "dependencies": {
        "@codemirror/state": "^0.18.0",
        "@codemirror/text": "^0.18.0",
        "@codemirror/view": "^0.18.0"
      }
    },
    "node_modules/@codemirror/fold": {
      "version": "0.18.2",
      "resolved": "https://registry.npmjs.org/@codemirror/fold/-/fold-0.18.2.tgz",
      "integrity": "sha512-kkQ+stpUbOAU0ASPP9NW5uLLhe5LVC46m47zJUnWDlsT9rS5NZW6NDiWzrDlN8dWQT8fePzkMA174BG4tr2GJw==",
      "dependencies": {
        "@codemirror/gutter": "^0.18.0",
        "@codemirror/language": "^0.18.0",
        "@codemirror/rangeset": "^0.18.0",
        "@codemirror/state": "^0.18.0",
        "@codemirror/view": "^0.18.0"
      }
    },
    "node_modules/@codemirror/gutter": {
      "version": "0.18.4",
      "resolved": "https://registry.npmjs.org/@codemirror/gutter/-/gutter-0.18.4.tgz",
      "integrity": "sha512-Sf2IWshMi9zwVVqpGmd2NRplY0qfrE2IiBEII9n2gB9M8hgIMg5GCyhdnsUDsOm0gcSut65W62vV7/DfYJHQCA==",
      "dependencies": {
        "@codemirror/rangeset": "^0.18.3",
        "@codemirror/state": "^0.18.0",
        "@codemirror/view": "^0.18.0"
      }
    },
    "node_modules/@codemirror/highlight": {
      "version": "0.18.4",
      "resolved": "https://registry.npmjs.org/@codemirror/highlight/-/highlight-0.18.4.tgz",
      "integrity": "sha512-3azJntqWrShOIq/0kVcdMc9k7ACL0LQErgK+A6aWXmCj5Mx0gShq+Iajy8AMQ2zB0v3nhCBgFaniL1LLD5m5hQ==",
      "dependencies": {
        "@codemirror/language": "^0.18.0",
        "@codemirror/rangeset": "^0.18.0",
        "@codemirror/state": "^0.18.0",
        "@codemirror/view": "^0.18.0",
        "lezer-tree": "^0.13.0",
        "style-mod": "^4.0.0"
      }
    },
    "node_modules/@codemirror/history": {
      "version": "0.18.1",
      "resolved": "https://registry.npmjs.org/@codemirror/history/-/history-0.18.1.tgz",
      "integrity": "sha512-Aad3p4zs6UYKCUMXYjh7cvPK0ajuL+rMib9yBZ61w81LLl6OkM31Xrn9J6CLJmPxCwP3OJFiqBmNSBQ05oIsTw==",
      "dependencies": {
        "@codemirror/state": "^0.18.3",
        "@codemirror/view": "^0.18.0"
      }
    },
    "node_modules/@codemirror/lang-python": {
      "version": "0.18.1",
      "resolved": "https://registry.npmjs.org/@codemirror/lang-python/-/lang-python-0.18.1.tgz",
      "integrity": "sha512-qvlacd/sVb7ZZ4wTkOyWDL2P/OU98peChCvZRNyk8+w4bLHWfljoJRmiTGpZCdiwQtPq4IkEOl+xC/K8W0Sqig==",
      "dependencies": {
        "@codemirror/highlight": "^0.18.0",
        "@codemirror/language": "^0.18.0",
        "lezer-python": "^0.13.0"
      }
    },
    "node_modules/@codemirror/language": {
      "version": "0.18.2",
      "resolved": "https://registry.npmjs.org/@codemirror/language/-/language-0.18.2.tgz",
      "integrity": "sha512-2Kz0Xyfvt1Ex2KfTUcYZ3IBxpnFCqHaJijwZknGBT7JXv9dwbOPs9SfPfL4oxVuDIHZx8JTPfoV3LTTJrm8M3Q==",
      "dependencies": {
        "@codemirror/state": "^0.18.0",
        "@codemirror/text": "^0.18.0",
        "@codemirror/view": "^0.18.0",
        "lezer": "^0.13.4",
        "lezer-tree": "^0.13.0"
      }
    },
    "node_modules/@codemirror/lint": {
      "version": "0.18.6",
      "resolved": "https://registry.npmjs.org/@codemirror/lint/-/lint-0.18.6.tgz",
      "integrity": "sha512-juE05YyDoLp9WCcR0hQagphOCIZ0r4WRocRFu9tbFwsMjfuForjn4m+wsLSDaDgp2Z9secMyOSGDpBNtVwM9lQ==",
      "dependencies": {
        "@codemirror/panel": "^0.18.1",
        "@codemirror/state": "^0.18.0",
        "@codemirror/tooltip": "^0.18.4",
        "@codemirror/view": "^0.18.0",
        "crelt": "^1.0.5"
      }
    },
    "node_modules/@codemirror/matchbrackets": {
      "version": "0.18.0",
      "resolved": "https://registry.npmjs.org/@codemirror/matchbrackets/-/matchbrackets-0.18.0.tgz",
      "integrity": "sha512-dPDopnZVkD54sSYdmQbyQbPdiuIA83p7XxX6Hp1ScEkOjukwCiFXiA/84x10FUTsQpUYp8bDzm7gwII119bGIw==",
      "dependencies": {
        "@codemirror/language": "^0.18.0",
        "@codemirror/state": "^0.18.0",
        "@codemirror/view": "^0.18.0",
        "lezer-tree": "^0.13.0"
      }
    },
    "node_modules/@codemirror/panel": {
      "version": "0.18.2",
      "resolved": "https://registry.npmjs.org/@codemirror/panel/-/panel-0.18.2.tgz",
      "integrity": "sha512-ea/g2aAKtfmie1kD7C8GDutD/5u+uzRJr/varUiAbHKr1sAdjtz5xYvC3GBAMYMan1GOh0vD5zP1yEupJl3b3Q==",
      "dependencies": {
        "@codemirror/state": "^0.18.0",
        "@codemirror/view": "^0.18.0"
      }
    },
    "node_modules/@codemirror/rangeset": {
      "version": "0.18.5",
      "resolved": "https://registry.npmjs.org/@codemirror/rangeset/-/rangeset-0.18.5.tgz",
      "integrity": "sha512-gvYniNeEbGRp74MM8EQ+0tylK85pVody4r4N5bs94msPwHQSKFkEmosl8tVmS0Z4e8gRtlB37m8/cWoRiuSz5Q==",
      "dependencies": {
        "@codemirror/state": "^0.18.0"
      }
    },
    "node_modules/@codemirror/rectangular-selection": {
      "version": "0.18.1",
      "resolved": "https://registry.npmjs.org/@codemirror/rectangular-selection/-/rectangular-selection-0.18.1.tgz",
      "integrity": "sha512-WpdIo6wyxamncvSZQEO1xsZArRnE5/NtNGnuLCjYUkW5JepdYtEJzIE9czaJqxVGrCBs//Lv58CbGX77/1GAoA==",
      "dependencies": {
        "@codemirror/state": "^0.18.0",
        "@codemirror/text": "^0.18.1",
        "@codemirror/view": "^0.18.18"
      }
    },
    "node_modules/@codemirror/search": {
      "version": "0.18.4",
      "resolved": "https://registry.npmjs.org/@codemirror/search/-/search-0.18.4.tgz",
      "integrity": "sha512-3chVkMPzl+pTUSqtimTicebhti4SLpvkj03pQx2aPZScXxIiYuDk4cLdIJK9omjmO1+oycRKbOrqvG7iZJJwMg==",
      "dependencies": {
        "@codemirror/panel": "^0.18.1",
        "@codemirror/rangeset": "^0.18.0",
        "@codemirror/state": "^0.18.6",
        "@codemirror/text": "^0.18.0",
        "@codemirror/view": "^0.18.0",
        "crelt": "^1.0.5"
      }
    },
    "node_modules/@codemirror/state": {
      "version": "0.18.7",
      "resolved": "https://registry.npmjs.org/@codemirror/state/-/state-0.18.7.tgz",
      "integrity": "sha512-cVyTiAC9vv90NKmGOfNtBjyIem3BqKui1L5Hfcxurp8K9votQj2oH9COcgWPnQ2Xs64yC70tEuTt9DF1pj5PFQ==",
      "dependencies": {
        "@codemirror/text": "^0.18.0"
      }
    },
    "node_modules/@codemirror/text": {
      "version": "0.18.1",
      "resolved": "https://registry.npmjs.org/@codemirror/text/-/text-0.18.1.tgz",
      "integrity": "sha512-vjXs6mi1F418kucTPlFvnCt9glKnjtYssdXb8mm1oaY/F5O+tgGVepm9Z8F7AKWCQvW8Bns1D3uLz/DOIEywIw=="
    },
    "node_modules/@codemirror/tooltip": {
      "version": "0.18.4",
      "resolved": "https://registry.npmjs.org/@codemirror/tooltip/-/tooltip-0.18.4.tgz",
      "integrity": "sha512-LDlDOSEfjoG24uapLN7exK3Z3JchYFKUwWqo1x/9YdlAkmD1ik7cMSQZboCquP1uJVcXhtbpKmaO6vENGVaarg==",
      "dependencies": {
        "@codemirror/state": "^0.18.0",
        "@codemirror/view": "^0.18.0"
      }
    },
    "node_modules/@codemirror/view": {
      "version": "0.18.19",
      "resolved": "https://registry.npmjs.org/@codemirror/view/-/view-0.18.19.tgz",
      "integrity": "sha512-TmazVl8H3L+aYwlNb8xk6qADRb8KiYOO047pz51R4mGCg4Ja2siSjXktZgUvklsyWbUY7h9q+oAf4piH+mQZTw==",
      "dependencies": {
        "@codemirror/rangeset": "^0.18.2",
        "@codemirror/state": "^0.18.0",
        "@codemirror/text": "^0.18.1",
        "style-mod": "^4.0.0",
        "w3c-keyname": "^2.2.4"
      }
    },
    "node_modules/crelt": {
      "version": "1.0.5",
      "resolved": "https://registry.npmjs.org/crelt/-/crelt-1.0.5.tgz",
      "integrity": "sha512-+BO9wPPi+DWTDcNYhr/W90myha8ptzftZT+LwcmUbbok0rcP/fequmFYCw8NMoH7pkAZQzU78b3kYrlua5a9eA=="
    },
    "node_modules/esbuild": {
      "version": "0.12.29",
      "resolved": "https://registry.npmjs.org/esbuild/-/esbuild-0.12.29.tgz",
      "integrity": "sha512-w/XuoBCSwepyiZtIRsKsetiLDUVGPVw1E/R3VTFSecIy8UR7Cq3SOtwKHJMFoVqqVG36aGkzh4e8BvpO1Fdc7g==",
      "hasInstallScript": true,
      "bin": {
        "esbuild": "bin/esbuild"
      }
    },
    "node_modules/lezer": {
      "version": "0.13.5",
      "resolved": "https://registry.npmjs.org/lezer/-/lezer-0.13.5.tgz",
      "integrity": "sha512-cAiMQZGUo2BD8mpcz7Nv1TlKzWP7YIdIRrX41CiP5bk5t4GHxskOxWUx2iAOuHlz8dO+ivbuXr0J1bfHsWD+lQ==",
      "deprecated": "This package has been replaced by @lezer/lr",
      "dependencies": {
        "lezer-tree": "^0.13.2"
      }
    },
    "node_modules/lezer-python": {
      "version": "0.13.7",
      "resolved": "https://registry.npmjs.org/lezer-python/-/lezer-python-0.13.7.tgz",
      "integrity": "sha512-IoUdd88Hj2rdzV74xis5/NLWe69+GRe8wTI1z8ZIl/0IbyMAWEEvSHzAKqBGNGTuBIpBaW+l8awbW4gSZqrjIw==",
      "deprecated": "This package has been replaced by @lezer/python",
      "dependencies": {
        "lezer": "^0.13.2"
      }
    },
    "node_modules/lezer-tree": {
      "version": "0.13.2",
      "resolved": "https://registry.npmjs.org/lezer-tree/-/lezer-tree-0.13.2.tgz",
      "integrity": "sha512-15ZxW8TxVNAOkHIo43Iouv4zbSkQQ5chQHBpwXcD2bBFz46RB4jYLEEww5l1V0xyIx9U2clSyyrLes+hAUFrGQ==",
      "deprecated": "This package has been replaced by @lezer/common"
    },
    "node_modules/skulpt": {
      "resolved": "../skulpt",
      "link": true
    },
    "node_modules/style-mod": {
      "version": "4.0.0",
      "resolved": "https://registry.npmjs.org/style-mod/-/style-mod-4.0.0.tgz",
      "integrity": "sha512-OPhtyEjyyN9x3nhPsu76f52yUGXiZcgvsrFVtvTkyGRQJ0XK+GPc6ov1z+lRpbeabka+MYEQxOYRnt5nF30aMw=="
    },
    "node_modules/w3c-keyname": {
      "version": "2.2.4",
      "resolved": "https://registry.npmjs.org/w3c-keyname/-/w3c-keyname-2.2.4.tgz",
      "integrity": "sha512-tOhfEwEzFLJzf6d1ZPkYfGj+FWhIpBux9ppoP3rlclw3Z0BZv3N7b7030Z1kYth+6rDuAsXUFr+d0VE6Ed1ikw=="
    }
  },
  "dependencies": {
    "@codemirror/autocomplete": {
      "version": "0.18.8",
      "resolved": "https://registry.npmjs.org/@codemirror/autocomplete/-/autocomplete-0.18.8.tgz",
      "integrity": "sha512-Va1Q763Vu/rVmIazru/ZnO2kkWVq6SlmMEjeD0qmxLAypyP6j/QNdpmaPDI1qb/+Mb9VFZBbac6a0aLTTi8qxQ==",
      "requires": {
        "@codemirror/language": "^0.18.0",
        "@codemirror/state": "^0.18.0",
        "@codemirror/text": "^0.18.0",
        "@codemirror/tooltip": "^0.18.4",
        "@codemirror/view": "^0.18.0",
        "lezer-tree": "^0.13.0"
      }
    },
    "@codemirror/basic-setup": {
      "version": "0.18.2",
      "resolved": "https://registry.npmjs.org/@codemirror/basic-setup/-/basic-setup-0.18.2.tgz",
      "integrity": "sha512-4UNFQ4jhU7wKxJH23AJcZW6Ho54VXUpmbtFnN5amIdtGci4ZLvci4M7JKgKFraHmKfDIYQnSzN8d8ohXR7CRhw==",
      "requires": {
        "@codemirror/autocomplete": "^0.18.0",
        "@codemirror/closebrackets": "^0.18.0",
        "@codemirror/commands": "^0.18.0",
        "@codemirror/comment": "^0.18.0",
        "@codemirror/fold": "^0.18.0",
        "@codemirror/gutter": "^0.18.3",
        "@codemirror/highlight": "^0.18.0",
        "@codemirror/history": "^0.18.0",
        "@codemirror/language": "^0.18.0",
        "@codemirror/lint": "^0.18.0",
        "@codemirror/matchbrackets": "^0.18.0",
        "@codemirror/rectangular-selection": "^0.18.0",
        "@codemirror/search": "^0.18.0",
        "@codemirror/state": "^0.18.0",
        "@codemirror/view": "^0.18.0"
      }
    },
    "@codemirror/closebrackets": {
      "version": "0.18.0",
      "resolved": "https://registry.npmjs.org/@codemirror/closebrackets/-/closebrackets-0.18.0.tgz",
      "integrity": "sha512-O1RAgUkzF4nq/B8IyXenZKZ1rJi2Mc7I6y4IhWhELiTnjyQy7YdAthTsJ40mNr8kZ6gRbasYe3K7TraITElZJA==",
      "requires": {
        "@codemirror/language": "^0.18.0",
        "@codemirror/rangeset": "^0.18.0",
        "@codemirror/state": "^0.18.0",
        "@codemirror/text": "^0.18.0",
        "@codemirror/view": "^0.18.0"
      }
    },
    "@codemirror/commands": {
      "version": "0.18.3",
      "resolved": "https://registry.npmjs.org/@codemirror/commands/-/commands-0.18.3.tgz",
      "integrity": "sha512-nHYDG13qOirioXTAKmjl10W2L0eZ1ftvmTwvUTNY27UWVBPFSpk5zDXP3WqJ0mgMhQ4AOFLJaTjJEO3hmPComg==",
      "requires": {
        "@codemirror/language": "^0.18.0",
        "@codemirror/matchbrackets": "^0.18.0",
        "@codemirror/state": "^0.18.0",
        "@codemirror/text": "^0.18.0",
        "@codemirror/view": "^0.18.0",
        "lezer-tree": "^0.13.0"
      }
    },
    "@codemirror/comment": {
      "version": "0.18.1",
      "resolved": "https://registry.npmjs.org/@codemirror/comment/-/comment-0.18.1.tgz",
      "integrity": "sha512-Inhqs0F24WE28Fcp1dBZghwixBGv1HDwY9MjE0d5tpMY/IPGI6uT30fGyHAXrir6hUqk7eJRkO4UYnODGOnoIA==",
      "requires": {
        "@codemirror/state": "^0.18.0",
        "@codemirror/text": "^0.18.0",
        "@codemirror/view": "^0.18.0"
      }
    },
    "@codemirror/fold": {
      "version": "0.18.2",
      "resolved": "https://registry.npmjs.org/@codemirror/fold/-/fold-0.18.2.tgz",
      "integrity": "sha512-kkQ+stpUbOAU0ASPP9NW5uLLhe5LVC46m47zJUnWDlsT9rS5NZW6NDiWzrDlN8dWQT8fePzkMA174BG4tr2GJw==",
      "requires": {
        "@codemirror/gutter": "^0.18.0",
        "@codemirror/language": "^0.18.0",
        "@codemirror/rangeset": "^0.18.0",
        "@codemirror/state": "^0.18.0",
        "@codemirror/view": "^0.18.0"
      }
    },
    "@codemirror/gutter": {
      "version": "0.18.4",
      "resolved": "https://registry.npmjs.org/@codemirror/gutter/-/gutter-0.18.4.tgz",
      "integrity": "sha512-Sf2IWshMi9zwVVqpGmd2NRplY0qfrE2IiBEII9n2gB9M8hgIMg5GCyhdnsUDsOm0gcSut65W62vV7/DfYJHQCA==",
      "requires": {
        "@codemirror/rangeset": "^0.18.3",
        "@codemirror/state": "^0.18.0",
        "@codemirror/view": "^0.18.0"
      }
    },
    "@codemirror/highlight": {
      "version": "0.18.4",
      "resolved": "https://registry.npmjs.org/@codemirror/highlight/-/highlight-0.18.4.tgz",
      "integrity": "sha512-3azJntqWrShOIq/0kVcdMc9k7ACL0LQErgK+A6aWXmCj5Mx0gShq+Iajy8AMQ2zB0v3nhCBgFaniL1LLD5m5hQ==",
      "requires": {
        "@codemirror/language": "^0.18.0",
        "@codemirror/rangeset": "^0.18.0",
        "@codemirror/state": "^0.18.0",
        "@codemirror/view": "^0.18.0",
        "lezer-tree": "^0.13.0",
        "style-mod": "^4.0.0"
      }
    },
    "@codemirror/history": {
      "version": "0.18.1",
      "resolved": "https://registry.npmjs.org/@codemirror/history/-/history-0.18.1.tgz",
      "integrity": "sha512-Aad3p4zs6UYKCUMXYjh7cvPK0ajuL+rMib9yBZ61w81LLl6OkM31Xrn9J6CLJmPxCwP3OJFiqBmNSBQ05oIsTw==",
      "requires": {
        "@codemirror/state": "^0.18.3",
        "@codemirror/view": "^0.18.0"
      }
    },
    "@codemirror/lang-python": {
      "version": "0.18.1",
      "resolved": "https://registry.npmjs.org/@codemirror/lang-python/-/lang-python-0.18.1.tgz",
      "integrity": "sha512-qvlacd/sVb7ZZ4wTkOyWDL2P/OU98peChCvZRNyk8+w4bLHWfljoJRmiTGpZCdiwQtPq4IkEOl+xC/K8W0Sqig==",
      "requires": {
        "@codemirror/highlight": "^0.18.0",
        "@codemirror/language": "^0.18.0",
        "lezer-python": "^0.13.0"
      }
    },
    "@codemirror/language": {
      "version": "0.18.2",
      "resolved": "https://registry.npmjs.org/@codemirror/language/-/language-0.18.2.tgz",
      "integrity": "sha512-2Kz0Xyfvt1Ex2KfTUcYZ3IBxpnFCqHaJijwZknGBT7JXv9dwbOPs9SfPfL4oxVuDIHZx8JTPfoV3LTTJrm8M3Q==",
      "requires": {
        "@codemirror/state": "^0.18.0",
        "@codemirror/text": "^0.18.0",
        "@codemirror/view": "^0.18.0",
        "lezer": "^0.13.4",
        "lezer-tree": "^0.13.0"
      }
    },
    "@codemirror/lint": {
      "version": "0.18.6",
      "resolved": "https://registry.npmjs.org/@codemirror/lint/-/lint-0.18.6.tgz",
      "integrity": "sha512-juE05YyDoLp9WCcR0hQagphOCIZ0r4WRocRFu9tbFwsMjfuForjn4m+wsLSDaDgp2Z9secMyOSGDpBNtVwM9lQ==",
      "requires": {
        "@codemirror/panel": "^0.18.1",
        "@codemirror/state": "^0.18.0",
        "@codemirror/tooltip": "^0.18.4",
        "@codemirror/view": "^0.18.0",
        "crelt": "^1.0.5"
      }
    },
    "@codemirror/matchbrackets": {
      "version": "0.18.0",
      "resolved": "https://registry.npmjs.org/@codemirror/matchbrackets/-/matchbrackets-0.18.0.tgz",
      "integrity": "sha512-dPDopnZVkD54sSYdmQbyQbPdiuIA83p7XxX6Hp1ScEkOjukwCiFXiA/84x10FUTsQpUYp8bDzm7gwII119bGIw==",
      "requires": {
        "@codemirror/language": "^0.18.0",
        "@codemirror/state": "^0.18.0",
        "@codemirror/view": "^0.18.0",
        "lezer-tree": "^0.13.0"
      }
    },
    "@codemirror/panel": {
      "version": "0.18.2",
      "resolved": "https://registry.npmjs.org/@codemirror/panel/-/panel-0.18.2.tgz",
      "integrity": "sha512-ea/g2aAKtfmie1kD7C8GDutD/5u+uzRJr/varUiAbHKr1sAdjtz5xYvC3GBAMYMan1GOh0vD5zP1yEupJl3b3Q==",
      "requires": {
        "@codemirror/state": "^0.18.0",
        "@codemirror/view": "^0.18.0"
      }
    },
    "@codemirror/rangeset": {
      "version": "0.18.5",
      "resolved": "https://registry.npmjs.org/@codemirror/rangeset/-/rangeset-0.18.5.tgz",
      "integrity": "sha512-gvYniNeEbGRp74MM8EQ+0tylK85pVody4r4N5bs94msPwHQSKFkEmosl8tVmS0Z4e8gRtlB37m8/cWoRiuSz5Q==",
      "requires": {
        "@codemirror/state": "^0.18.0"
      }
    },
    "@codemirror/rectangular-selection": {
      "version": "0.18.1",
      "resolved": "https://registry.npmjs.org/@codemirror/rectangular-selection/-/rectangular-selection-0.18.1.tgz",
      "integrity": "sha512-WpdIo6wyxamncvSZQEO1xsZArRnE5/NtNGnuLCjYUkW5JepdYtEJzIE9czaJqxVGrCBs//Lv58CbGX77/1GAoA==",
      "requires": {
        "@codemirror/state": "^0.18.0",
        "@codemirror/text": "^0.18.1",
        "@codemirror/view": "^0.18.18"
      }
    },
    "@codemirror/search": {
      "version": "0.18.4",
      "resolved": "https://registry.npmjs.org/@codemirror/search/-/search-0.18.4.tgz",
      "integrity": "sha512-3chVkMPzl+pTUSqtimTicebhti4SLpvkj03pQx2aPZScXxIiYuDk4cLdIJK9omjmO1+oycRKbOrqvG7iZJJwMg==",
      "requires": {
        "@codemirror/panel": "^0.18.1",
        "@codemirror/rangeset": "^0.18.0",
        "@codemirror/state": "^0.18.6",
        "@codemirror/text": "^0.18.0",
        "@codemirror/view": "^0.18.0",
        "crelt": "^1.0.5"
      }
    },
    "@codemirror/state": {
      "version": "0.18.7",
      "resolved": "https://registry.npmjs.org/@codemirror/state/-/state-0.18.7.tgz",
      "integrity": "sha512-cVyTiAC9vv90NKmGOfNtBjyIem3BqKui1L5Hfcxurp8K9votQj2oH9COcgWPnQ2Xs64yC70tEuTt9DF1pj5PFQ==",
      "requires": {
        "@codemirror/text": "^0.18.0"
      }
    },
    "@codemirror/text": {
      "version": "0.18.1",
      "resolved": "https://registry.npmjs.org/@codemirror/text/-/text-0.18.1.tgz",
      "integrity": "sha512-vjXs6mi1F418kucTPlFvnCt9glKnjtYssdXb8mm1oaY/F5O+tgGVepm9Z8F7AKWCQvW8Bns1D3uLz/DOIEywIw=="
    },
    "@codemirror/tooltip": {
      "version": "0.18.4",
      "resolved": "https://registry.npmjs.org/@codemirror/tooltip/-/tooltip-0.18.4.tgz",
      "integrity": "sha512-LDlDOSEfjoG24uapLN7exK3Z3JchYFKUwWqo1x/9YdlAkmD1ik7cMSQZboCquP1uJVcXhtbpKmaO6vENGVaarg==",
      "requires": {
        "@codemirror/state": "^0.18.0",
        "@codemirror/view": "^0.18.0"
      }
    },
    "@codemirror/view": {
      "version": "0.18.19",
      "resolved": "https://registry.npmjs.org/@codemirror/view/-/view-0.18.19.tgz",
      "integrity": "sha512-TmazVl8H3L+aYwlNb8xk6qADRb8KiYOO047pz51R4mGCg4Ja2siSjXktZgUvklsyWbUY7h9q+oAf4piH+mQZTw==",
      "requires": {
        "@codemirror/rangeset": "^0.18.2",
        "@codemirror/state": "^0.18.0",
        "@codemirror/text": "^0.18.1",
        "style-mod": "^4.0.0",
        "w3c-keyname": "^2.2.4"
      }
    },
    "crelt": {
      "version": "1.0.5",
      "resolved": "https://registry.npmjs.org/crelt/-/crelt-1.0.5.tgz",
      "integrity": "sha512-+BO9wPPi+DWTDcNYhr/W90myha8ptzftZT+LwcmUbbok0rcP/fequmFYCw8NMoH7pkAZQzU78b3kYrlua5a9eA=="
    },
    "esbuild": {
      "version": "0.12.29",
      "resolved": "https://registry.npmjs.org/esbuild/-/esbuild-0.12.29.tgz",
      "integrity": "sha512-w/XuoBCSwepyiZtIRsKsetiLDUVGPVw1E/R3VTFSecIy8UR7Cq3SOtwKHJMFoVqqVG36aGkzh4e8BvpO1Fdc7g=="
    },
    "lezer": {
      "version": "0.13.5",
      "resolved": "https://registry.npmjs.org/lezer/-/lezer-0.13.5.tgz",
      "integrity": "sha512-cAiMQZGUo2BD8mpcz7Nv1TlKzWP7YIdIRrX41CiP5bk5t4GHxskOxWUx2iAOuHlz8dO+ivbuXr0J1bfHsWD+lQ==",
      "requires": {
        "lezer-tree": "^0.13.2"
      }
    },
    "lezer-python": {
      "version": "0.13.7",
      "resolved": "https://registry.npmjs.org/lezer-python/-/lezer-python-0.13.7.tgz",
      "integrity": "sha512-IoUdd88Hj2rdzV74xis5/NLWe69+GRe8wTI1z8ZIl/0IbyMAWEEvSHzAKqBGNGTuBIpBaW+l8awbW4gSZqrjIw==",
      "requires": {
        "lezer": "^0.13.2"
      }
    },
    "lezer-tree": {
      "version": "0.13.2",
      "resolved": "https://registry.npmjs.org/lezer-tree/-/lezer-tree-0.13.2.tgz",
      "integrity": "sha512-15ZxW8TxVNAOkHIo43Iouv4zbSkQQ5chQHBpwXcD2bBFz46RB4jYLEEww5l1V0xyIx9U2clSyyrLes+hAUFrGQ=="
    },
    "skulpt": {
      "version": "file:../skulpt",
      "requires": {
        "acorn": "^6.1.1",
        "babel-minify": "^0.5.0",
        "chalk": "^2.4.2",
        "clean-webpack-plugin": "^2.0.2",
        "closure-webpack-plugin": "^2.0.1",
        "commander": "^2.20.0",
        "compression-webpack-plugin": "^2.0.0",
        "copy-webpack-plugin": "^5.1.1",
        "ejs": "^2.6.1",
        "eslint": "^5.16.0",
        "eslint-loader": "^2.1.2",
        "express": "^4.17.0",
        "fastestsmallesttextencoderdecoder": "^1.0.22",
        "git-revision-webpack-plugin": "^3.0.3",
        "google-closure-compiler": "^20190415.0.0",
        "js-beautify": "^1.10.0",
        "jsbi": "^3.1.4",
        "jsdoc": "^3.6.3",
        "micro-strptime": "^0.2.3",
        "open": "^6.3.0",
        "readline-sync": "^1.4.9",
        "setimmediate": "^1.0.5",
        "shelljs": "^0.8.3",
        "strftime": "^0.10.0",
        "webpack": "^4.32.0",
        "webpack-cli": "^3.3.2"
      }
    },
    "style-mod": {
      "version": "4.0.0",
      "resolved": "https://registry.npmjs.org/style-mod/-/style-mod-4.0.0.tgz",
      "integrity": "sha512-OPhtyEjyyN9x3nhPsu76f52yUGXiZcgvsrFVtvTkyGRQJ0XK+GPc6ov1z+lRpbeabka+MYEQxOYRnt5nF30aMw=="
    },
    "w3c-keyname": {
      "version": "2.2.4",
      "resolved": "https://registry.npmjs.org/w3c-keyname/-/w3c-keyname-2.2.4.tgz",
      "integrity": "sha512-tOhfEwEzFLJzf6d1ZPkYfGj+FWhIpBux9ppoP3rlclw3Z0BZv3N7b7030Z1kYth+6rDuAsXUFr+d0VE6Ed1ikw=="
    }
  }
}
