{
  "name": "pythonrepl",
  "lockfileVersion": 2,
  "requires": true,
  "packages": {
    "": {
      "dependencies": {
        "esbuild": "^0.12.4",
        "skulpt": "^1.2.0"
      }
    },
    "node_modules/esbuild": {
      "version": "0.12.4",
      "resolved": "https://registry.npmjs.org/esbuild/-/esbuild-0.12.4.tgz",
      "integrity": "sha512-HObgzMHbba5HzsHzxj1ccDIPWncCCCQjoruuLyS5geidwndqgLsjZEMt0XeSYIIbqoJFENGCEFQt4m2PtAFK2Q==",
      "hasInstallScript": true,
      "bin": {
        "esbuild": "bin/esbuild"
      }
    },
    "node_modules/jsbi": {
      "version": "3.1.4",
      "resolved": "https://registry.npmjs.org/jsbi/-/jsbi-3.1.4.tgz",
      "integrity": "sha512-52QRRFSsi9impURE8ZUbzAMCLjPm4THO7H2fcuIvaaeFTbSysvkodbQQXIVsNgq/ypDbq6dJiuGKL0vZ/i9hUg=="
    },
    "node_modules/skulpt": {
      "version": "1.2.0",
      "resolved": "https://registry.npmjs.org/skulpt/-/skulpt-1.2.0.tgz",
      "integrity": "sha512-T0cv0sdSOXLlIJTuyXSeYJ3TFdWYSZfX2PcBLpRKrKZ3dTbVQXRMiYudSuko2xzcyMif47DS2ShatCwjCbsSsA==",
      "dependencies": {
        "jsbi": "^3.1.4"
      },
      "engines": {
        "node": ">=10.4"
      }
    }
  },
  "dependencies": {
    "esbuild": {
      "version": "0.12.4",
      "resolved": "https://registry.npmjs.org/esbuild/-/esbuild-0.12.4.tgz",
      "integrity": "sha512-HObgzMHbba5HzsHzxj1ccDIPWncCCCQjoruuLyS5geidwndqgLsjZEMt0XeSYIIbqoJFENGCEFQt4m2PtAFK2Q=="
    },
    "jsbi": {
      "version": "3.1.4",
      "resolved": "https://registry.npmjs.org/jsbi/-/jsbi-3.1.4.tgz",
      "integrity": "sha512-52QRRFSsi9impURE8ZUbzAMCLjPm4THO7H2fcuIvaaeFTbSysvkodbQQXIVsNgq/ypDbq6dJiuGKL0vZ/i9hUg=="
    },
    "skulpt": {
      "version": "1.2.0",
      "resolved": "https://registry.npmjs.org/skulpt/-/skulpt-1.2.0.tgz",
      "integrity": "sha512-T0cv0sdSOXLlIJTuyXSeYJ3TFdWYSZfX2PcBLpRKrKZ3dTbVQXRMiYudSuko2xzcyMif47DS2ShatCwjCbsSsA==",
      "requires": {
        "jsbi": "^3.1.4"
      }
    }
  }
}
